PODS:
  - AFNetworking (3.1.0):
    - AFNetworking/NSURLSession (= 3.1.0)
    - AFNetworking/Reachability (= 3.1.0)
    - AFNetworking/Security (= 3.1.0)
    - AFNetworking/Serialization (= 3.1.0)
    - AFNetworking/UIKit (= 3.1.0)
  - AFNetworking/NSURLSession (3.1.0):
    - AFNetworking/Reachability
    - AFNetworking/Security
    - AFNetworking/Serialization
  - AFNetworking/Reachability (3.1.0)
  - AFNetworking/Security (3.1.0)
  - AFNetworking/Serialization (3.1.0)
  - AFNetworking/UIKit (3.1.0):
    - AFNetworking/NSURLSession
  - JLXXNetWorking (1.1.0):
    - AFNetworking

DEPENDENCIES:
  - JLXXNetWorking (from `../`)

EXTERNAL SOURCES:
  JLXXNetWorking:
    :path: "../"

SPEC CHECKSUMS:
  AFNetworking: 5e0e199f73d8626b11e79750991f5d173d1f8b67
  JLXXNetWorking: 977a8acae7bb08a41e71439504341f28df3f332b

PODFILE CHECKSUM: 19f24e109e955384b9ebb1bc9e329b7767a7a7e8

COCOAPODS: 1.2.1
